
Microsoft Visual Studio Solution File, Format Version 12.00
# Visual Studio Version 16
VisualStudioVersion = 16.0.29519.181
MinimumVisualStudioVersion = 10.0.40219.1
Project("{FAE04EC0-301F-11D3-BF4B-00C04F79EFBC}") = "DigitalDiaryWebApp", "DigitalDiaryWebApp\DigitalDiaryWebApp.csproj", "{2A4C4BA9-3030-490D-A208-A611B3D325D9}"
EndProject
Global
	GlobalSection(SolutionConfigurationPlatforms) = preSolution
		Debug|Any CPU = Debug|Any CPU
		Release|Any CPU = Release|Any CPU
	EndGlobalSection
	GlobalSection(ProjectConfigurationPlatforms) = postSolution
		{2A4C4BA9-3030-490D-A208-A611B3D325D9}.Debug|Any CPU.ActiveCfg = Debug|Any CPU
		{2A4C4BA9-3030-490D-A208-A611B3D325D9}.Debug|Any CPU.Build.0 = Debug|Any CPU
		{2A4C4BA9-3030-490D-A208-A611B3D325D9}.Release|Any CPU.ActiveCfg = Release|Any CPU
		{2A4C4BA9-3030-490D-A208-A611B3D325D9}.Release|Any CPU.Build.0 = Release|Any CPU
	EndGlobalSection
	GlobalSection(SolutionProperties) = preSolution
		HideSolutionNode = FALSE
	EndGlobalSection
	GlobalSection(ExtensibilityGlobals) = postSolution
		SolutionGuid = {2A7D1326-09C7-493E-A68E-BF1C21B9DBDC}
	EndGlobalSection
EndGlobal
